
Microsoft Visual Studio Solution File, Format Version 12.00
# Visual Studio Version 16
VisualStudioVersion = 16.0.30104.148
MinimumVisualStudioVersion = 10.0.40219.1
Project("{FAE04EC0-301F-11D3-BF4B-00C04F79EFBC}") = "Singleton", "Singleton\Singleton.csproj", "{CE366668-D411-41D7-9D87-0414D36BD7EF}"
EndProject
Global
	GlobalSection(SolutionConfigurationPlatforms) = preSolution
		Debug|Any CPU = Debug|Any CPU
		Release|Any CPU = Release|Any CPU
	EndGlobalSection
	GlobalSection(ProjectConfigurationPlatforms) = postSolution
		{CE366668-D411-41D7-9D87-0414D36BD7EF}.Debug|Any CPU.ActiveCfg = Debug|Any CPU
		{CE366668-D411-41D7-9D87-0414D36BD7EF}.Debug|Any CPU.Build.0 = Debug|Any CPU
		{CE366668-D411-41D7-9D87-0414D36BD7EF}.Release|Any CPU.ActiveCfg = Release|Any CPU
		{CE366668-D411-41D7-9D87-0414D36BD7EF}.Release|Any CPU.Build.0 = Release|Any CPU
	EndGlobalSection
	GlobalSection(SolutionProperties) = preSolution
		HideSolutionNode = FALSE
	EndGlobalSection
	GlobalSection(ExtensibilityGlobals) = postSolution
		SolutionGuid = {9FF1C640-6F0C-4684-A502-B487E0E31E88}
	EndGlobalSection
EndGlobal
